{
  "name": "commitiq",
  "version": "5.0.1",
  "lockfileVersion": 3,
  "requires": true,
  "packages": {
    "": {
      "name": "commitiq",
      "version": "5.0.1",
      "hasInstallScript": true,
      "license": "MIT",
      "bin": {
        "ciq": "commitiq-cli/target/release/commitiq"
      }
    }
  }
}
